
Microsoft Visual Studio Solution File, Format Version 12.00
# Visual Studio 15
VisualStudioVersion = 15.0.28307.572
MinimumVisualStudioVersion = 10.0.40219.1
Project("{FAE04EC0-301F-11D3-BF4B-00C04F79EFBC}") = "TestGitFlow", "TestGitFlow\TestGitFlow.csproj", "{5B0F00F0-CD2C-4CE1-9939-562BC644230C}"
EndProject
Global
	GlobalSection(SolutionConfigurationPlatforms) = preSolution
		Debug|Any CPU = Debug|Any CPU
		Release|Any CPU = Release|Any CPU
	EndGlobalSection
	GlobalSection(ProjectConfigurationPlatforms) = postSolution
		{5B0F00F0-CD2C-4CE1-9939-562BC644230C}.Debug|Any CPU.ActiveCfg = Debug|Any CPU
		{5B0F00F0-CD2C-4CE1-9939-562BC644230C}.Debug|Any CPU.Build.0 = Debug|Any CPU
		{5B0F00F0-CD2C-4CE1-9939-562BC644230C}.Release|Any CPU.ActiveCfg = Release|Any CPU
		{5B0F00F0-CD2C-4CE1-9939-562BC644230C}.Release|Any CPU.Build.0 = Release|Any CPU
	EndGlobalSection
	GlobalSection(SolutionProperties) = preSolution
		HideSolutionNode = FALSE
	EndGlobalSection
	GlobalSection(ExtensibilityGlobals) = postSolution
		SolutionGuid = {2F2000BB-BA65-4294-A297-E9100DA3A11C}
	EndGlobalSection
EndGlobal
